// !$*UTF8*$!
{
	archiveVersion = 1;
	classes = {
	};
	objectVersion = 50;
	objects = {

/* Begin PBXBuildFile section */
		4E66C40C244E9AEA00C01280 /* AppDelegate.swift in Sources */ = {isa = PBXBuildFile; fileRef = 4E66C40B244E9AEA00C01280 /* AppDelegate.swift */; };
		4E66C410244E9AEA00C01280 /* ViewController.swift in Sources */ = {isa = PBXBuildFile; fileRef = 4E66C40F244E9AEA00C01280 /* ViewController.swift */; };
		4E66C413244E9AEA00C01280 /* Main.storyboard in Resources */ = {isa = PBXBuildFile; fileRef = 4E66C411244E9AEA00C01280 /* Main.storyboard */; };
		4E66C415244E9AED00C01280 /* Assets.xcassets in Resources */ = {isa = PBXBuildFile; fileRef = 4E66C414244E9AED00C01280 /* Assets.xcassets */; };
		4E66C418244E9AED00C01280 /* LaunchScreen.storyboard in Resources */ = {isa = PBXBuildFile; fileRef = 4E66C416244E9AED00C01280 /* LaunchScreen.storyboard */; };
		4E66C423244E9AEE00C01280 /* WriteReadMediaTests.swift in Sources */ = {isa = PBXBuildFile; fileRef = 4E66C422244E9AEE00C01280 /* WriteReadMediaTests.swift */; };
		4E66C42E244E9AEE00C01280 /* WriteReadMediaUITests.swift in Sources */ = {isa = PBXBuildFile; fileRef = 4E66C42D244E9AEE00C01280 /* WriteReadMediaUITests.swift */; };
		4E66C43C244E9C9800C01280 /* wmsh.mp4 in Resources */ = {isa = PBXBuildFile; fileRef = 4E66C43B244E9C9800C01280 /* wmsh.mp4 */; };
		4E66C443244EA06700C01280 /* FileManager+Add.swift in Sources */ = {isa = PBXBuildFile; fileRef = 4E66C442244EA06700C01280 /* FileManager+Add.swift */; };
		4E66C446244EA12300C01280 /* THFunctions.swift in Sources */ = {isa = PBXBuildFile; fileRef = 4E66C445244EA12300C01280 /* THFunctions.swift */; };
		4E66C448244EA2CB00C01280 /* ContextManager.swift in Sources */ = {isa = PBXBuildFile; fileRef = 4E66C447244EA2CB00C01280 /* ContextManager.swift */; };
		4E66C44A244EA3DA00C01280 /* BaseCameraController.swift in Sources */ = {isa = PBXBuildFile; fileRef = 4E66C449244EA3DA00C01280 /* BaseCameraController.swift */; };
		4E66C44C244EA92400C01280 /* CameraController.swift in Sources */ = {isa = PBXBuildFile; fileRef = 4E66C44B244EA92400C01280 /* CameraController.swift */; };
		4E66C44E244EAA5500C01280 /* PhotoFilters.swift in Sources */ = {isa = PBXBuildFile; fileRef = 4E66C44D244EAA5500C01280 /* PhotoFilters.swift */; };
		4E66C450244EADE200C01280 /* FilterPickerView.swift in Sources */ = {isa = PBXBuildFile; fileRef = 4E66C44F244EADE200C01280 /* FilterPickerView.swift */; };
		4E66C452244EAF5800C01280 /* PreviewView.swift in Sources */ = {isa = PBXBuildFile; fileRef = 4E66C451244EAF5800C01280 /* PreviewView.swift */; };
		4E66C454244EBB9500C01280 /* CaptureButton.swift in Sources */ = {isa = PBXBuildFile; fileRef = 4E66C453244EBB9500C01280 /* CaptureButton.swift */; };
		4E66C456244EC60100C01280 /* CameraView.swift in Sources */ = {isa = PBXBuildFile; fileRef = 4E66C455244EC60100C01280 /* CameraView.swift */; };
		4E66C458244EC63700C01280 /* OverlayView.swift in Sources */ = {isa = PBXBuildFile; fileRef = 4E66C457244EC63700C01280 /* OverlayView.swift */; };
		4E66C45E244ECA4000C01280 /* FilterSelectorView.swift in Sources */ = {isa = PBXBuildFile; fileRef = 4E66C45D244ECA3F00C01280 /* FilterSelectorView.swift */; };
		4E66C462244ED1CE00C01280 /* OverlayView.xib in Resources */ = {isa = PBXBuildFile; fileRef = 4E66C461244ED1CE00C01280 /* OverlayView.xib */; };
		4E66C464244EE33B00C01280 /* MovieWriter.swift in Sources */ = {isa = PBXBuildFile; fileRef = 4E66C463244EE33B00C01280 /* MovieWriter.swift */; };
/* End PBXBuildFile section */

/* Begin PBXContainerItemProxy section */
		4E66C41F244E9AEE00C01280 /* PBXContainerItemProxy */ = {
			isa = PBXContainerItemProxy;
			containerPortal = 4E66C400244E9AEA00C01280 /* Project object */;
			proxyType = 1;
			remoteGlobalIDString = 4E66C407244E9AEA00C01280;
			remoteInfo = WriteReadMedia;
		};
		4E66C42A244E9AEE00C01280 /* PBXContainerItemProxy */ = {
			isa = PBXContainerItemProxy;
			containerPortal = 4E66C400244E9AEA00C01280 /* Project object */;
			proxyType = 1;
			remoteGlobalIDString = 4E66C407244E9AEA00C01280;
			remoteInfo = WriteReadMedia;
		};
/* End PBXContainerItemProxy section */

/* Begin PBXFileReference section */
		4E66C408244E9AEA00C01280 /* WriteReadMedia.app */ = {isa = PBXFileReference; explicitFileType = wrapper.application; includeInIndex = 0; path = WriteReadMedia.app; sourceTree = BUILT_PRODUCTS_DIR; };
		4E66C40B244E9AEA00C01280 /* AppDelegate.swift */ = {isa = PBXFileReference; lastKnownFileType = sourcecode.swift; path = AppDelegate.swift; sourceTree = "<group>"; };
		4E66C40F244E9AEA00C01280 /* ViewController.swift */ = {isa = PBXFileReference; lastKnownFileType = sourcecode.swift; path = ViewController.swift; sourceTree = "<group>"; };
		4E66C412244E9AEA00C01280 /* Base */ = {isa = PBXFileReference; lastKnownFileType = file.storyboard; name = Base; path = Base.lproj/Main.storyboard; sourceTree = "<group>"; };
		4E66C414244E9AED00C01280 /* Assets.xcassets */ = {isa = PBXFileReference; lastKnownFileType = folder.assetcatalog; path = Assets.xcassets; sourceTree = "<group>"; };
		4E66C417244E9AED00C01280 /* Base */ = {isa = PBXFileReference; lastKnownFileType = file.storyboard; name = Base; path = Base.lproj/LaunchScreen.storyboard; sourceTree = "<group>"; };
		4E66C419244E9AED00C01280 /* Info.plist */ = {isa = PBXFileReference; lastKnownFileType = text.plist.xml; path = Info.plist; sourceTree = "<group>"; };
		4E66C41E244E9AEE00C01280 /* WriteReadMediaTests.xctest */ = {isa = PBXFileReference; explicitFileType = wrapper.cfbundle; includeInIndex = 0; path = WriteReadMediaTests.xctest; sourceTree = BUILT_PRODUCTS_DIR; };
		4E66C422244E9AEE00C01280 /* WriteReadMediaTests.swift */ = {isa = PBXFileReference; lastKnownFileType = sourcecode.swift; path = WriteReadMediaTests.swift; sourceTree = "<group>"; };
		4E66C424244E9AEE00C01280 /* Info.plist */ = {isa = PBXFileReference; lastKnownFileType = text.plist.xml; path = Info.plist; sourceTree = "<group>"; };
		4E66C429244E9AEE00C01280 /* WriteReadMediaUITests.xctest */ = {isa = PBXFileReference; explicitFileType = wrapper.cfbundle; includeInIndex = 0; path = WriteReadMediaUITests.xctest; sourceTree = BUILT_PRODUCTS_DIR; };
		4E66C42D244E9AEE00C01280 /* WriteReadMediaUITests.swift */ = {isa = PBXFileReference; lastKnownFileType = sourcecode.swift; path = WriteReadMediaUITests.swift; sourceTree = "<group>"; };
		4E66C42F244E9AEE00C01280 /* Info.plist */ = {isa = PBXFileReference; lastKnownFileType = text.plist.xml; path = Info.plist; sourceTree = "<group>"; };
		4E66C43B244E9C9800C01280 /* wmsh.mp4 */ = {isa = PBXFileReference; lastKnownFileType = file; path = wmsh.mp4; sourceTree = "<group>"; };
		4E66C442244EA06700C01280 /* FileManager+Add.swift */ = {isa = PBXFileReference; lastKnownFileType = sourcecode.swift; path = "FileManager+Add.swift"; sourceTree = "<group>"; };
		4E66C445244EA12300C01280 /* THFunctions.swift */ = {isa = PBXFileReference; lastKnownFileType = sourcecode.swift; path = THFunctions.swift; sourceTree = "<group>"; };
		4E66C447244EA2CB00C01280 /* ContextManager.swift */ = {isa = PBXFileReference; lastKnownFileType = sourcecode.swift; path = ContextManager.swift; sourceTree = "<group>"; };
		4E66C449244EA3DA00C01280 /* BaseCameraController.swift */ = {isa = PBXFileReference; lastKnownFileType = sourcecode.swift; path = BaseCameraController.swift; sourceTree = "<group>"; };
		4E66C44B244EA92400C01280 /* CameraController.swift */ = {isa = PBXFileReference; lastKnownFileType = sourcecode.swift; path = CameraController.swift; sourceTree = "<group>"; };
		4E66C44D244EAA5500C01280 /* PhotoFilters.swift */ = {isa = PBXFileReference; lastKnownFileType = sourcecode.swift; path = PhotoFilters.swift; sourceTree = "<group>"; };
		4E66C44F244EADE200C01280 /* FilterPickerView.swift */ = {isa = PBXFileReference; lastKnownFileType = sourcecode.swift; path = FilterPickerView.swift; sourceTree = "<group>"; };
		4E66C451244EAF5800C01280 /* PreviewView.swift */ = {isa = PBXFileReference; lastKnownFileType = sourcecode.swift; path = PreviewView.swift; sourceTree = "<group>"; };
		4E66C453244EBB9500C01280 /* CaptureButton.swift */ = {isa = PBXFileReference; lastKnownFileType = sourcecode.swift; path = CaptureButton.swift; sourceTree = "<group>"; };
		4E66C455244EC60100C01280 /* CameraView.swift */ = {isa = PBXFileReference; lastKnownFileType = sourcecode.swift; path = CameraView.swift; sourceTree = "<group>"; };
		4E66C457244EC63700C01280 /* OverlayView.swift */ = {isa = PBXFileReference; lastKnownFileType = sourcecode.swift; path = OverlayView.swift; sourceTree = "<group>"; };
		4E66C45D244ECA3F00C01280 /* FilterSelectorView.swift */ = {isa = PBXFileReference; lastKnownFileType = sourcecode.swift; path = FilterSelectorView.swift; sourceTree = "<group>"; };
		4E66C461244ED1CE00C01280 /* OverlayView.xib */ = {isa = PBXFileReference; lastKnownFileType = file.xib; path = OverlayView.xib; sourceTree = "<group>"; };
		4E66C463244EE33B00C01280 /* MovieWriter.swift */ = {isa = PBXFileReference; lastKnownFileType = sourcecode.swift; path = MovieWriter.swift; sourceTree = "<group>"; };
/* End PBXFileReference section */

/* Begin PBXFrameworksBuildPhase section */
		4E66C405244E9AEA00C01280 /* Frameworks */ = {
			isa = PBXFrameworksBuildPhase;
			buildActionMask = 2147483647;
			files = (
			);
			runOnlyForDeploymentPostprocessing = 0;
		};
		4E66C41B244E9AEE00C01280 /* Frameworks */ = {
			isa = PBXFrameworksBuildPhase;
			buildActionMask = 2147483647;
			files = (
			);
			runOnlyForDeploymentPostprocessing = 0;
		};
		4E66C426244E9AEE00C01280 /* Frameworks */ = {
			isa = PBXFrameworksBuildPhase;
			buildActionMask = 2147483647;
			files = (
			);
			runOnlyForDeploymentPostprocessing = 0;
		};
/* End PBXFrameworksBuildPhase section */

/* Begin PBXGroup section */
		4E66C3FF244E9AEA00C01280 = {
			isa = PBXGroup;
			children = (
				4E66C40A244E9AEA00C01280 /* WriteReadMedia */,
				4E66C421244E9AEE00C01280 /* WriteReadMediaTests */,
				4E66C42C244E9AEE00C01280 /* WriteReadMediaUITests */,
				4E66C409244E9AEA00C01280 /* Products */,
			);
			sourceTree = "<group>";
		};
		4E66C409244E9AEA00C01280 /* Products */ = {
			isa = PBXGroup;
			children = (
				4E66C408244E9AEA00C01280 /* WriteReadMedia.app */,
				4E66C41E244E9AEE00C01280 /* WriteReadMediaTests.xctest */,
				4E66C429244E9AEE00C01280 /* WriteReadMediaUITests.xctest */,
			);
			name = Products;
			sourceTree = "<group>";
		};
		4E66C40A244E9AEA00C01280 /* WriteReadMedia */ = {
			isa = PBXGroup;
			children = (
				4E66C441244EA05400C01280 /* Views */,
				4E66C440244EA04C00C01280 /* Controllers */,
				4E66C43F244EA04600C01280 /* Models */,
				4E66C43E244EA04100C01280 /* Common */,
				4E66C43D244EA02F00C01280 /* Categories */,
				4E66C43B244E9C9800C01280 /* wmsh.mp4 */,
				4E66C40B244E9AEA00C01280 /* AppDelegate.swift */,
				4E66C40F244E9AEA00C01280 /* ViewController.swift */,
				4E66C411244E9AEA00C01280 /* Main.storyboard */,
				4E66C414244E9AED00C01280 /* Assets.xcassets */,
				4E66C416244E9AED00C01280 /* LaunchScreen.storyboard */,
				4E66C419244E9AED00C01280 /* Info.plist */,
			);
			path = WriteReadMedia;
			sourceTree = "<group>";
		};
		4E66C421244E9AEE00C01280 /* WriteReadMediaTests */ = {
			isa = PBXGroup;
			children = (
				4E66C422244E9AEE00C01280 /* WriteReadMediaTests.swift */,
				4E66C424244E9AEE00C01280 /* Info.plist */,
			);
			path = WriteReadMediaTests;
			sourceTree = "<group>";
		};
		4E66C42C244E9AEE00C01280 /* WriteReadMediaUITests */ = {
			isa = PBXGroup;
			children = (
				4E66C42D244E9AEE00C01280 /* WriteReadMediaUITests.swift */,
				4E66C42F244E9AEE00C01280 /* Info.plist */,
			);
			path = WriteReadMediaUITests;
			sourceTree = "<group>";
		};
		4E66C43D244EA02F00C01280 /* Categories */ = {
			isa = PBXGroup;
			children = (
				4E66C442244EA06700C01280 /* FileManager+Add.swift */,
			);
			path = Categories;
			sourceTree = "<group>";
		};
		4E66C43E244EA04100C01280 /* Common */ = {
			isa = PBXGroup;
			children = (
				4E66C445244EA12300C01280 /* THFunctions.swift */,
				4E66C447244EA2CB00C01280 /* ContextManager.swift */,
			);
			path = Common;
			sourceTree = "<group>";
		};
		4E66C43F244EA04600C01280 /* Models */ = {
			isa = PBXGroup;
			children = (
				4E66C44D244EAA5500C01280 /* PhotoFilters.swift */,
			);
			path = Models;
			sourceTree = "<group>";
		};
		4E66C440244EA04C00C01280 /* Controllers */ = {
			isa = PBXGroup;
			children = (
				4E66C449244EA3DA00C01280 /* BaseCameraController.swift */,
				4E66C44B244EA92400C01280 /* CameraController.swift */,
				4E66C463244EE33B00C01280 /* MovieWriter.swift */,
			);
			path = Controllers;
			sourceTree = "<group>";
		};
		4E66C441244EA05400C01280 /* Views */ = {
			isa = PBXGroup;
			children = (
				4E66C44F244EADE200C01280 /* FilterPickerView.swift */,
				4E66C451244EAF5800C01280 /* PreviewView.swift */,
				4E66C453244EBB9500C01280 /* CaptureButton.swift */,
				4E66C455244EC60100C01280 /* CameraView.swift */,
				4E66C457244EC63700C01280 /* OverlayView.swift */,
				4E66C45D244ECA3F00C01280 /* FilterSelectorView.swift */,
				4E66C461244ED1CE00C01280 /* OverlayView.xib */,
			);
			path = Views;
			sourceTree = "<group>";
		};
/* End PBXGroup section */

/* Begin PBXNativeTarget section */
		4E66C407244E9AEA00C01280 /* WriteReadMedia */ = {
			isa = PBXNativeTarget;
			buildConfigurationList = 4E66C432244E9AEE00C01280 /* Build configuration list for PBXNativeTarget "WriteReadMedia" */;
			buildPhases = (
				4E66C404244E9AEA00C01280 /* Sources */,
				4E66C405244E9AEA00C01280 /* Frameworks */,
				4E66C406244E9AEA00C01280 /* Resources */,
			);
			buildRules = (
			);
			dependencies = (
			);
			name = WriteReadMedia;
			productName = WriteReadMedia;
			productReference = 4E66C408244E9AEA00C01280 /* WriteReadMedia.app */;
			productType = "com.apple.product-type.application";
		};
		4E66C41D244E9AEE00C01280 /* WriteReadMediaTests */ = {
			isa = PBXNativeTarget;
			buildConfigurationList = 4E66C435244E9AEE00C01280 /* Build configuration list for PBXNativeTarget "WriteReadMediaTests" */;
			buildPhases = (
				4E66C41A244E9AEE00C01280 /* Sources */,
				4E66C41B244E9AEE00C01280 /* Frameworks */,
				4E66C41C244E9AEE00C01280 /* Resources */,
			);
			buildRules = (
			);
			dependencies = (
				4E66C420244E9AEE00C01280 /* PBXTargetDependency */,
			);
			name = WriteReadMediaTests;
			productName = WriteReadMediaTests;
			productReference = 4E66C41E244E9AEE00C01280 /* WriteReadMediaTests.xctest */;
			productType = "com.apple.product-type.bundle.unit-test";
		};
		4E66C428244E9AEE00C01280 /* WriteReadMediaUITests */ = {
			isa = PBXNativeTarget;
			buildConfigurationList = 4E66C438244E9AEE00C01280 /* Build configuration list for PBXNativeTarget "WriteReadMediaUITests" */;
			buildPhases = (
				4E66C425244E9AEE00C01280 /* Sources */,
				4E66C426244E9AEE00C01280 /* Frameworks */,
				4E66C427244E9AEE00C01280 /* Resources */,
			);
			buildRules = (
			);
			dependencies = (
				4E66C42B244E9AEE00C01280 /* PBXTargetDependency */,
			);
			name = WriteReadMediaUITests;
			productName = WriteReadMediaUITests;
			productReference = 4E66C429244E9AEE00C01280 /* WriteReadMediaUITests.xctest */;
			productType = "com.apple.product-type.bundle.ui-testing";
		};
/* End PBXNativeTarget section */

/* Begin PBXProject section */
		4E66C400244E9AEA00C01280 /* Project object */ = {
			isa = PBXProject;
			attributes = {
				LastSwiftUpdateCheck = 1140;
				LastUpgradeCheck = 1140;
				ORGANIZATIONNAME = zxf;
				TargetAttributes = {
					4E66C407244E9AEA00C01280 = {
						CreatedOnToolsVersion = 11.4;
					};
					4E66C41D244E9AEE00C01280 = {
						CreatedOnToolsVersion = 11.4;
						TestTargetID = 4E66C407244E9AEA00C01280;
					};
					4E66C428244E9AEE00C01280 = {
						CreatedOnToolsVersion = 11.4;
						TestTargetID = 4E66C407244E9AEA00C01280;
					};
				};
			};
			buildConfigurationList = 4E66C403244E9AEA00C01280 /* Build configuration list for PBXProject "WriteReadMedia" */;
			compatibilityVersion = "Xcode 9.3";
			developmentRegion = en;
			hasScannedForEncodings = 0;
			knownRegions = (
				en,
				Base,
			);
			mainGroup = 4E66C3FF244E9AEA00C01280;
			productRefGroup = 4E66C409244E9AEA00C01280 /* Products */;
			projectDirPath = "";
			projectRoot = "";
			targets = (
				4E66C407244E9AEA00C01280 /* WriteReadMedia */,
				4E66C41D244E9AEE00C01280 /* WriteReadMediaTests */,
				4E66C428244E9AEE00C01280 /* WriteReadMediaUITests */,
			);
		};
/* End PBXProject section */

/* Begin PBXResourcesBuildPhase section */
		4E66C406244E9AEA00C01280 /* Resources */ = {
			isa = PBXResourcesBuildPhase;
			buildActionMask = 2147483647;
			files = (
				4E66C462244ED1CE00C01280 /* OverlayView.xib in Resources */,
				4E66C418244E9AED00C01280 /* LaunchScreen.storyboard in Resources */,
				4E66C415244E9AED00C01280 /* Assets.xcassets in Resources */,
				4E66C43C244E9C9800C01280 /* wmsh.mp4 in Resources */,
				4E66C413244E9AEA00C01280 /* Main.storyboard in Resources */,
			);
			runOnlyForDeploymentPostprocessing = 0;
		};
		4E66C41C244E9AEE00C01280 /* Resources */ = {
			isa = PBXResourcesBuildPhase;
			buildActionMask = 2147483647;
			files = (
			);
			runOnlyForDeploymentPostprocessing = 0;
		};
		4E66C427244E9AEE00C01280 /* Resources */ = {
			isa = PBXResourcesBuildPhase;
			buildActionMask = 2147483647;
			files = (
			);
			runOnlyForDeploymentPostprocessing = 0;
		};
/* End PBXResourcesBuildPhase section */

/* Begin PBXSourcesBuildPhase section */
		4E66C404244E9AEA00C01280 /* Sources */ = {
			isa = PBXSourcesBuildPhase;
			buildActionMask = 2147483647;
			files = (
				4E66C44E244EAA5500C01280 /* PhotoFilters.swift in Sources */,
				4E66C410244E9AEA00C01280 /* ViewController.swift in Sources */,
				4E66C448244EA2CB00C01280 /* ContextManager.swift in Sources */,
				4E66C456244EC60100C01280 /* CameraView.swift in Sources */,
				4E66C450244EADE200C01280 /* FilterPickerView.swift in Sources */,
				4E66C44C244EA92400C01280 /* CameraController.swift in Sources */,
				4E66C452244EAF5800C01280 /* PreviewView.swift in Sources */,
				4E66C464244EE33B00C01280 /* MovieWriter.swift in Sources */,
				4E66C454244EBB9500C01280 /* CaptureButton.swift in Sources */,
				4E66C446244EA12300C01280 /* THFunctions.swift in Sources */,
				4E66C458244EC63700C01280 /* OverlayView.swift in Sources */,
				4E66C443244EA06700C01280 /* FileManager+Add.swift in Sources */,
				4E66C45E244ECA4000C01280 /* FilterSelectorView.swift in Sources */,
				4E66C40C244E9AEA00C01280 /* AppDelegate.swift in Sources */,
				4E66C44A244EA3DA00C01280 /* BaseCameraController.swift in Sources */,
			);
			runOnlyForDeploymentPostprocessing = 0;
		};
		4E66C41A244E9AEE00C01280 /* Sources */ = {
			isa = PBXSourcesBuildPhase;
			buildActionMask = 2147483647;
			files = (
				4E66C423244E9AEE00C01280 /* WriteReadMediaTests.swift in Sources */,
			);
			runOnlyForDeploymentPostprocessing = 0;
		};
		4E66C425244E9AEE00C01280 /* Sources */ = {
			isa = PBXSourcesBuildPhase;
			buildActionMask = 2147483647;
			files = (
				4E66C42E244E9AEE00C01280 /* WriteReadMediaUITests.swift in Sources */,
			);
			runOnlyForDeploymentPostprocessing = 0;
		};
/* End PBXSourcesBuildPhase section */

/* Begin PBXTargetDependency section */
		4E66C420244E9AEE00C01280 /* PBXTargetDependency */ = {
			isa = PBXTargetDependency;
			target = 4E66C407244E9AEA00C01280 /* WriteReadMedia */;
			targetProxy = 4E66C41F244E9AEE00C01280 /* PBXContainerItemProxy */;
		};
		4E66C42B244E9AEE00C01280 /* PBXTargetDependency */ = {
			isa = PBXTargetDependency;
			target = 4E66C407244E9AEA00C01280 /* WriteReadMedia */;
			targetProxy = 4E66C42A244E9AEE00C01280 /* PBXContainerItemProxy */;
		};
/* End PBXTargetDependency section */

/* Begin PBXVariantGroup section */
		4E66C411244E9AEA00C01280 /* Main.storyboard */ = {
			isa = PBXVariantGroup;
			children = (
				4E66C412244E9AEA00C01280 /* Base */,
			);
			name = Main.storyboard;
			sourceTree = "<group>";
		};
		4E66C416244E9AED00C01280 /* LaunchScreen.storyboard */ = {
			isa = PBXVariantGroup;
			children = (
				4E66C417244E9AED00C01280 /* Base */,
			);
			name = LaunchScreen.storyboard;
			sourceTree = "<group>";
		};
/* End PBXVariantGroup section */

/* Begin XCBuildConfiguration section */
		4E66C430244E9AEE00C01280 /* Debug */ = {
			isa = XCBuildConfiguration;
			buildSettings = {
				ALWAYS_SEARCH_USER_PATHS = NO;
				CLANG_ANALYZER_NONNULL = YES;
				CLANG_ANALYZER_NUMBER_OBJECT_CONVERSION = YES_AGGRESSIVE;
				CLANG_CXX_LANGUAGE_STANDARD = "gnu++14";
				CLANG_CXX_LIBRARY = "libc++";
				CLANG_ENABLE_MODULES = YES;
				CLANG_ENABLE_OBJC_ARC = YES;
				CLANG_ENABLE_OBJC_WEAK = YES;
				CLANG_WARN_BLOCK_CAPTURE_AUTORELEASING = YES;
				CLANG_WARN_BOOL_CONVERSION = YES;
				CLANG_WARN_COMMA = YES;
				CLANG_WARN_CONSTANT_CONVERSION = YES;
				CLANG_WARN_DEPRECATED_OBJC_IMPLEMENTATIONS = YES;
				CLANG_WARN_DIRECT_OBJC_ISA_USAGE = YES_ERROR;
				CLANG_WARN_DOCUMENTATION_COMMENTS = YES;
				CLANG_WARN_EMPTY_BODY = YES;
				CLANG_WARN_ENUM_CONVERSION = YES;
				CLANG_WARN_INFINITE_RECURSION = YES;
				CLANG_WARN_INT_CONVERSION = YES;
				CLANG_WARN_NON_LITERAL_NULL_CONVERSION = YES;
				CLANG_WARN_OBJC_IMPLICIT_RETAIN_SELF = YES;
				CLANG_WARN_OBJC_LITERAL_CONVERSION = YES;
				CLANG_WARN_OBJC_ROOT_CLASS = YES_ERROR;
				CLANG_WARN_RANGE_LOOP_ANALYSIS = YES;
				CLANG_WARN_STRICT_PROTOTYPES = YES;
				CLANG_WARN_SUSPICIOUS_MOVE = YES;
				CLANG_WARN_UNGUARDED_AVAILABILITY = YES_AGGRESSIVE;
				CLANG_WARN_UNREACHABLE_CODE = YES;
				CLANG_WARN__DUPLICATE_METHOD_MATCH = YES;
				COPY_PHASE_STRIP = NO;
				DEBUG_INFORMATION_FORMAT = dwarf;
				ENABLE_STRICT_OBJC_MSGSEND = YES;
				ENABLE_TESTABILITY = YES;
				GCC_C_LANGUAGE_STANDARD = gnu11;
				GCC_DYNAMIC_NO_PIC = NO;
				GCC_NO_COMMON_BLOCKS = YES;
				GCC_OPTIMIZATION_LEVEL = 0;
				GCC_PREPROCESSOR_DEFINITIONS = (
					"DEBUG=1",
					"$(inherited)",
				);
				GCC_WARN_64_TO_32_BIT_CONVERSION = YES;
				GCC_WARN_ABOUT_RETURN_TYPE = YES_ERROR;
				GCC_WARN_UNDECLARED_SELECTOR = YES;
				GCC_WARN_UNINITIALIZED_AUTOS = YES_AGGRESSIVE;
				GCC_WARN_UNUSED_FUNCTION = YES;
				GCC_WARN_UNUSED_VARIABLE = YES;
				IPHONEOS_DEPLOYMENT_TARGET = 13.4;
				MTL_ENABLE_DEBUG_INFO = INCLUDE_SOURCE;
				MTL_FAST_MATH = YES;
				ONLY_ACTIVE_ARCH = YES;
				SDKROOT = iphoneos;
				SWIFT_ACTIVE_COMPILATION_CONDITIONS = DEBUG;
				SWIFT_OPTIMIZATION_LEVEL = "-Onone";
			};
			name = Debug;
		};
		4E66C431244E9AEE00C01280 /* Release */ = {
			isa = XCBuildConfiguration;
			buildSettings = {
				ALWAYS_SEARCH_USER_PATHS = NO;
				CLANG_ANALYZER_NONNULL = YES;
				CLANG_ANALYZER_NUMBER_OBJECT_CONVERSION = YES_AGGRESSIVE;
				CLANG_CXX_LANGUAGE_STANDARD = "gnu++14";
				CLANG_CXX_LIBRARY = "libc++";
				CLANG_ENABLE_MODULES = YES;
				CLANG_ENABLE_OBJC_ARC = YES;
				CLANG_ENABLE_OBJC_WEAK = YES;
				CLANG_WARN_BLOCK_CAPTURE_AUTORELEASING = YES;
				CLANG_WARN_BOOL_CONVERSION = YES;
				CLANG_WARN_COMMA = YES;
				CLANG_WARN_CONSTANT_CONVERSION = YES;
				CLANG_WARN_DEPRECATED_OBJC_IMPLEMENTATIONS = YES;
				CLANG_WARN_DIRECT_OBJC_ISA_USAGE = YES_ERROR;
				CLANG_WARN_DOCUMENTATION_COMMENTS = YES;
				CLANG_WARN_EMPTY_BODY = YES;
				CLANG_WARN_ENUM_CONVERSION = YES;
				CLANG_WARN_INFINITE_RECURSION = YES;
				CLANG_WARN_INT_CONVERSION = YES;
				CLANG_WARN_NON_LITERAL_NULL_CONVERSION = YES;
				CLANG_WARN_OBJC_IMPLICIT_RETAIN_SELF = YES;
				CLANG_WARN_OBJC_LITERAL_CONVERSION = YES;
				CLANG_WARN_OBJC_ROOT_CLASS = YES_ERROR;
				CLANG_WARN_RANGE_LOOP_ANALYSIS = YES;
				CLANG_WARN_STRICT_PROTOTYPES = YES;
				CLANG_WARN_SUSPICIOUS_MOVE = YES;
				CLANG_WARN_UNGUARDED_AVAILABILITY = YES_AGGRESSIVE;
				CLANG_WARN_UNREACHABLE_CODE = YES;
				CLANG_WARN__DUPLICATE_METHOD_MATCH = YES;
				COPY_PHASE_STRIP = NO;
				DEBUG_INFORMATION_FORMAT = "dwarf-with-dsym";
				ENABLE_NS_ASSERTIONS = NO;
				ENABLE_STRICT_OBJC_MSGSEND = YES;
				GCC_C_LANGUAGE_STANDARD = gnu11;
				GCC_NO_COMMON_BLOCKS = YES;
				GCC_WARN_64_TO_32_BIT_CONVERSION = YES;
				GCC_WARN_ABOUT_RETURN_TYPE = YES_ERROR;
				GCC_WARN_UNDECLARED_SELECTOR = YES;
				GCC_WARN_UNINITIALIZED_AUTOS = YES_AGGRESSIVE;
				GCC_WARN_UNUSED_FUNCTION = YES;
				GCC_WARN_UNUSED_VARIABLE = YES;
				IPHONEOS_DEPLOYMENT_TARGET = 13.4;
				MTL_ENABLE_DEBUG_INFO = NO;
				MTL_FAST_MATH = YES;
				SDKROOT = iphoneos;
				SWIFT_COMPILATION_MODE = wholemodule;
				SWIFT_OPTIMIZATION_LEVEL = "-O";
				VALIDATE_PRODUCT = YES;
			};
			name = Release;
		};
		4E66C433244E9AEE00C01280 /* Debug */ = {
			isa = XCBuildConfiguration;
			buildSettings = {
				ASSETCATALOG_COMPILER_APPICON_NAME = AppIcon;
				CODE_SIGN_STYLE = Automatic;
				DEVELOPMENT_TEAM = UZ9FCZ5X8D;
				INFOPLIST_FILE = WriteReadMedia/Info.plist;
				IPHONEOS_DEPLOYMENT_TARGET = 11.0;
				LD_RUNPATH_SEARCH_PATHS = (
					"$(inherited)",
					"@executable_path/Frameworks",
				);
				PRODUCT_BUNDLE_IDENTIFIER = com.zxf.www.WriteReadMedia;
				PRODUCT_NAME = "$(TARGET_NAME)";
				SWIFT_VERSION = 5.0;
				TARGETED_DEVICE_FAMILY = "1,2";
			};
			name = Debug;
		};
		4E66C434244E9AEE00C01280 /* Release */ = {
			isa = XCBuildConfiguration;
			buildSettings = {
				ASSETCATALOG_COMPILER_APPICON_NAME = AppIcon;
				CODE_SIGN_STYLE = Automatic;
				DEVELOPMENT_TEAM = UZ9FCZ5X8D;
				INFOPLIST_FILE = WriteReadMedia/Info.plist;
				IPHONEOS_DEPLOYMENT_TARGET = 11.0;
				LD_RUNPATH_SEARCH_PATHS = (
					"$(inherited)",
					"@executable_path/Frameworks",
				);
				PRODUCT_BUNDLE_IDENTIFIER = com.zxf.www.WriteReadMedia;
				PRODUCT_NAME = "$(TARGET_NAME)";
				SWIFT_VERSION = 5.0;
				TARGETED_DEVICE_FAMILY = "1,2";
			};
			name = Release;
		};
		4E66C436244E9AEE00C01280 /* Debug */ = {
			isa = XCBuildConfiguration;
			buildSettings = {
				ALWAYS_EMBED_SWIFT_STANDARD_LIBRARIES = YES;
				BUNDLE_LOADER = "$(TEST_HOST)";
				CODE_SIGN_STYLE = Automatic;
				INFOPLIST_FILE = WriteReadMediaTests/Info.plist;
				IPHONEOS_DEPLOYMENT_TARGET = 13.4;
				LD_RUNPATH_SEARCH_PATHS = (
					"$(inherited)",
					"@executable_path/Frameworks",
					"@loader_path/Frameworks",
				);
				PRODUCT_BUNDLE_IDENTIFIER = com.zxf.www.WriteReadMediaTests;
				PRODUCT_NAME = "$(TARGET_NAME)";
				SWIFT_VERSION = 5.0;
				TARGETED_DEVICE_FAMILY = "1,2";
				TEST_HOST = "$(BUILT_PRODUCTS_DIR)/WriteReadMedia.app/WriteReadMedia";
			};
			name = Debug;
		};
		4E66C437244E9AEE00C01280 /* Release */ = {
			isa = XCBuildConfiguration;
			buildSettings = {
				ALWAYS_EMBED_SWIFT_STANDARD_LIBRARIES = YES;
				BUNDLE_LOADER = "$(TEST_HOST)";
				CODE_SIGN_STYLE = Automatic;
				INFOPLIST_FILE = WriteReadMediaTests/Info.plist;
				IPHONEOS_DEPLOYMENT_TARGET = 13.4;
				LD_RUNPATH_SEARCH_PATHS = (
					"$(inherited)",
					"@executable_path/Frameworks",
					"@loader_path/Frameworks",
				);
				PRODUCT_BUNDLE_IDENTIFIER = com.zxf.www.WriteReadMediaTests;
				PRODUCT_NAME = "$(TARGET_NAME)";
				SWIFT_VERSION = 5.0;
				TARGETED_DEVICE_FAMILY = "1,2";
				TEST_HOST = "$(BUILT_PRODUCTS_DIR)/WriteReadMedia.app/WriteReadMedia";
			};
			name = Release;
		};
		4E66C439244E9AEE00C01280 /* Debug */ = {
			isa = XCBuildConfiguration;
			buildSettings = {
				ALWAYS_EMBED_SWIFT_STANDARD_LIBRARIES = YES;
				CODE_SIGN_STYLE = Automatic;
				INFOPLIST_FILE = WriteReadMediaUITests/Info.plist;
				LD_RUNPATH_SEARCH_PATHS = (
					"$(inherited)",
					"@executable_path/Frameworks",
					"@loader_path/Frameworks",
				);
				PRODUCT_BUNDLE_IDENTIFIER = com.zxf.www.WriteReadMediaUITests;
				PRODUCT_NAME = "$(TARGET_NAME)";
				SWIFT_VERSION = 5.0;
				TARGETED_DEVICE_FAMILY = "1,2";
				TEST_TARGET_NAME = WriteReadMedia;
			};
			name = Debug;
		};
		4E66C43A244E9AEE00C01280 /* Release */ = {
			isa = XCBuildConfiguration;
			buildSettings = {
				ALWAYS_EMBED_SWIFT_STANDARD_LIBRARIES = YES;
				CODE_SIGN_STYLE = Automatic;
				INFOPLIST_FILE = WriteReadMediaUITests/Info.plist;
				LD_RUNPATH_SEARCH_PATHS = (
					"$(inherited)",
					"@executable_path/Frameworks",
					"@loader_path/Frameworks",
				);
				PRODUCT_BUNDLE_IDENTIFIER = com.zxf.www.WriteReadMediaUITests;
				PRODUCT_NAME = "$(TARGET_NAME)";
				SWIFT_VERSION = 5.0;
				TARGETED_DEVICE_FAMILY = "1,2";
				TEST_TARGET_NAME = WriteReadMedia;
			};
			name = Release;
		};
/* End XCBuildConfiguration section */

/* Begin XCConfigurationList section */
		4E66C403244E9AEA00C01280 /* Build configuration list for PBXProject "WriteReadMedia" */ = {
			isa = XCConfigurationList;
			buildConfigurations = (
				4E66C430244E9AEE00C01280 /* Debug */,
				4E66C431244E9AEE00C01280 /* Release */,
			);
			defaultConfigurationIsVisible = 0;
			defaultConfigurationName = Release;
		};
		4E66C432244E9AEE00C01280 /* Build configuration list for PBXNativeTarget "WriteReadMedia" */ = {
			isa = XCConfigurationList;
			buildConfigurations = (
				4E66C433244E9AEE00C01280 /* Debug */,
				4E66C434244E9AEE00C01280 /* Release */,
			);
			defaultConfigurationIsVisible = 0;
			defaultConfigurationName = Release;
		};
		4E66C435244E9AEE00C01280 /* Build configuration list for PBXNativeTarget "WriteReadMediaTests" */ = {
			isa = XCConfigurationList;
			buildConfigurations = (
				4E66C436244E9AEE00C01280 /* Debug */,
				4E66C437244E9AEE00C01280 /* Release */,
			);
			defaultConfigurationIsVisible = 0;
			defaultConfigurationName = Release;
		};
		4E66C438244E9AEE00C01280 /* Build configuration list for PBXNativeTarget "WriteReadMediaUITests" */ = {
			isa = XCConfigurationList;
			buildConfigurations = (
				4E66C439244E9AEE00C01280 /* Debug */,
				4E66C43A244E9AEE00C01280 /* Release */,
			);
			defaultConfigurationIsVisible = 0;
			defaultConfigurationName = Release;
		};
/* End XCConfigurationList section */
	};
	rootObject = 4E66C400244E9AEA00C01280 /* Project object */;
}
