// !$*UTF8*$!
{
	archiveVersion = 1;
	classes = {
	};
	objectVersion = 50;
	objects = {

/* Begin PBXBuildFile section */
		B768FC902455CF550094DCCD /* AppDelegate.swift in Sources */ = {isa = PBXBuildFile; fileRef = B768FC8F2455CF550094DCCD /* AppDelegate.swift */; };
		B768FC922455CF550094DCCD /* SceneDelegate.swift in Sources */ = {isa = PBXBuildFile; fileRef = B768FC912455CF550094DCCD /* SceneDelegate.swift */; };
		B768FC942455CF550094DCCD /* ViewController.swift in Sources */ = {isa = PBXBuildFile; fileRef = B768FC932455CF550094DCCD /* ViewController.swift */; };
		B768FC972455CF550094DCCD /* Main.storyboard in Resources */ = {isa = PBXBuildFile; fileRef = B768FC952455CF550094DCCD /* Main.storyboard */; };
		B768FC992455CF570094DCCD /* Assets.xcassets in Resources */ = {isa = PBXBuildFile; fileRef = B768FC982455CF570094DCCD /* Assets.xcassets */; };
		B768FC9C2455CF570094DCCD /* LaunchScreen.storyboard in Resources */ = {isa = PBXBuildFile; fileRef = B768FC9A2455CF570094DCCD /* LaunchScreen.storyboard */; };
		B768FCA72455CF570094DCCD /* AnimationDemoTests.swift in Sources */ = {isa = PBXBuildFile; fileRef = B768FCA62455CF570094DCCD /* AnimationDemoTests.swift */; };
		B768FCB22455CF570094DCCD /* AnimationDemoUITests.swift in Sources */ = {isa = PBXBuildFile; fileRef = B768FCB12455CF570094DCCD /* AnimationDemoUITests.swift */; };
		B768FCC02455CF830094DCCD /* test1.mp4 in Resources */ = {isa = PBXBuildFile; fileRef = B768FCBF2455CF830094DCCD /* test1.mp4 */; };
/* End PBXBuildFile section */

/* Begin PBXContainerItemProxy section */
		B768FCA32455CF570094DCCD /* PBXContainerItemProxy */ = {
			isa = PBXContainerItemProxy;
			containerPortal = B768FC842455CF550094DCCD /* Project object */;
			proxyType = 1;
			remoteGlobalIDString = B768FC8B2455CF550094DCCD;
			remoteInfo = AnimationDemo;
		};
		B768FCAE2455CF570094DCCD /* PBXContainerItemProxy */ = {
			isa = PBXContainerItemProxy;
			containerPortal = B768FC842455CF550094DCCD /* Project object */;
			proxyType = 1;
			remoteGlobalIDString = B768FC8B2455CF550094DCCD;
			remoteInfo = AnimationDemo;
		};
/* End PBXContainerItemProxy section */

/* Begin PBXFileReference section */
		B768FC8C2455CF550094DCCD /* AnimationDemo.app */ = {isa = PBXFileReference; explicitFileType = wrapper.application; includeInIndex = 0; path = AnimationDemo.app; sourceTree = BUILT_PRODUCTS_DIR; };
		B768FC8F2455CF550094DCCD /* AppDelegate.swift */ = {isa = PBXFileReference; lastKnownFileType = sourcecode.swift; path = AppDelegate.swift; sourceTree = "<group>"; };
		B768FC912455CF550094DCCD /* SceneDelegate.swift */ = {isa = PBXFileReference; lastKnownFileType = sourcecode.swift; path = SceneDelegate.swift; sourceTree = "<group>"; };
		B768FC932455CF550094DCCD /* ViewController.swift */ = {isa = PBXFileReference; lastKnownFileType = sourcecode.swift; path = ViewController.swift; sourceTree = "<group>"; };
		B768FC962455CF550094DCCD /* Base */ = {isa = PBXFileReference; lastKnownFileType = file.storyboard; name = Base; path = Base.lproj/Main.storyboard; sourceTree = "<group>"; };
		B768FC982455CF570094DCCD /* Assets.xcassets */ = {isa = PBXFileReference; lastKnownFileType = folder.assetcatalog; path = Assets.xcassets; sourceTree = "<group>"; };
		B768FC9B2455CF570094DCCD /* Base */ = {isa = PBXFileReference; lastKnownFileType = file.storyboard; name = Base; path = Base.lproj/LaunchScreen.storyboard; sourceTree = "<group>"; };
		B768FC9D2455CF570094DCCD /* Info.plist */ = {isa = PBXFileReference; lastKnownFileType = text.plist.xml; path = Info.plist; sourceTree = "<group>"; };
		B768FCA22455CF570094DCCD /* AnimationDemoTests.xctest */ = {isa = PBXFileReference; explicitFileType = wrapper.cfbundle; includeInIndex = 0; path = AnimationDemoTests.xctest; sourceTree = BUILT_PRODUCTS_DIR; };
		B768FCA62455CF570094DCCD /* AnimationDemoTests.swift */ = {isa = PBXFileReference; lastKnownFileType = sourcecode.swift; path = AnimationDemoTests.swift; sourceTree = "<group>"; };
		B768FCA82455CF570094DCCD /* Info.plist */ = {isa = PBXFileReference; lastKnownFileType = text.plist.xml; path = Info.plist; sourceTree = "<group>"; };
		B768FCAD2455CF570094DCCD /* AnimationDemoUITests.xctest */ = {isa = PBXFileReference; explicitFileType = wrapper.cfbundle; includeInIndex = 0; path = AnimationDemoUITests.xctest; sourceTree = BUILT_PRODUCTS_DIR; };
		B768FCB12455CF570094DCCD /* AnimationDemoUITests.swift */ = {isa = PBXFileReference; lastKnownFileType = sourcecode.swift; path = AnimationDemoUITests.swift; sourceTree = "<group>"; };
		B768FCB32455CF570094DCCD /* Info.plist */ = {isa = PBXFileReference; lastKnownFileType = text.plist.xml; path = Info.plist; sourceTree = "<group>"; };
		B768FCBF2455CF830094DCCD /* test1.mp4 */ = {isa = PBXFileReference; lastKnownFileType = file; name = test1.mp4; path = ../../../PlayerDemo/PlayerDemo/PlayerDemo/test1.mp4; sourceTree = "<group>"; };
/* End PBXFileReference section */

/* Begin PBXFrameworksBuildPhase section */
		B768FC892455CF550094DCCD /* Frameworks */ = {
			isa = PBXFrameworksBuildPhase;
			buildActionMask = 2147483647;
			files = (
			);
			runOnlyForDeploymentPostprocessing = 0;
		};
		B768FC9F2455CF570094DCCD /* Frameworks */ = {
			isa = PBXFrameworksBuildPhase;
			buildActionMask = 2147483647;
			files = (
			);
			runOnlyForDeploymentPostprocessing = 0;
		};
		B768FCAA2455CF570094DCCD /* Frameworks */ = {
			isa = PBXFrameworksBuildPhase;
			buildActionMask = 2147483647;
			files = (
			);
			runOnlyForDeploymentPostprocessing = 0;
		};
/* End PBXFrameworksBuildPhase section */

/* Begin PBXGroup section */
		B768FC832455CF550094DCCD = {
			isa = PBXGroup;
			children = (
				B768FC8E2455CF550094DCCD /* AnimationDemo */,
				B768FCA52455CF570094DCCD /* AnimationDemoTests */,
				B768FCB02455CF570094DCCD /* AnimationDemoUITests */,
				B768FC8D2455CF550094DCCD /* Products */,
			);
			sourceTree = "<group>";
		};
		B768FC8D2455CF550094DCCD /* Products */ = {
			isa = PBXGroup;
			children = (
				B768FC8C2455CF550094DCCD /* AnimationDemo.app */,
				B768FCA22455CF570094DCCD /* AnimationDemoTests.xctest */,
				B768FCAD2455CF570094DCCD /* AnimationDemoUITests.xctest */,
			);
			name = Products;
			sourceTree = "<group>";
		};
		B768FC8E2455CF550094DCCD /* AnimationDemo */ = {
			isa = PBXGroup;
			children = (
				B768FCBF2455CF830094DCCD /* test1.mp4 */,
				B768FC8F2455CF550094DCCD /* AppDelegate.swift */,
				B768FC912455CF550094DCCD /* SceneDelegate.swift */,
				B768FC932455CF550094DCCD /* ViewController.swift */,
				B768FC952455CF550094DCCD /* Main.storyboard */,
				B768FC982455CF570094DCCD /* Assets.xcassets */,
				B768FC9A2455CF570094DCCD /* LaunchScreen.storyboard */,
				B768FC9D2455CF570094DCCD /* Info.plist */,
			);
			path = AnimationDemo;
			sourceTree = "<group>";
		};
		B768FCA52455CF570094DCCD /* AnimationDemoTests */ = {
			isa = PBXGroup;
			children = (
				B768FCA62455CF570094DCCD /* AnimationDemoTests.swift */,
				B768FCA82455CF570094DCCD /* Info.plist */,
			);
			path = AnimationDemoTests;
			sourceTree = "<group>";
		};
		B768FCB02455CF570094DCCD /* AnimationDemoUITests */ = {
			isa = PBXGroup;
			children = (
				B768FCB12455CF570094DCCD /* AnimationDemoUITests.swift */,
				B768FCB32455CF570094DCCD /* Info.plist */,
			);
			path = AnimationDemoUITests;
			sourceTree = "<group>";
		};
/* End PBXGroup section */

/* Begin PBXNativeTarget section */
		B768FC8B2455CF550094DCCD /* AnimationDemo */ = {
			isa = PBXNativeTarget;
			buildConfigurationList = B768FCB62455CF570094DCCD /* Build configuration list for PBXNativeTarget "AnimationDemo" */;
			buildPhases = (
				B768FC882455CF550094DCCD /* Sources */,
				B768FC892455CF550094DCCD /* Frameworks */,
				B768FC8A2455CF550094DCCD /* Resources */,
			);
			buildRules = (
			);
			dependencies = (
			);
			name = AnimationDemo;
			productName = AnimationDemo;
			productReference = B768FC8C2455CF550094DCCD /* AnimationDemo.app */;
			productType = "com.apple.product-type.application";
		};
		B768FCA12455CF570094DCCD /* AnimationDemoTests */ = {
			isa = PBXNativeTarget;
			buildConfigurationList = B768FCB92455CF570094DCCD /* Build configuration list for PBXNativeTarget "AnimationDemoTests" */;
			buildPhases = (
				B768FC9E2455CF570094DCCD /* Sources */,
				B768FC9F2455CF570094DCCD /* Frameworks */,
				B768FCA02455CF570094DCCD /* Resources */,
			);
			buildRules = (
			);
			dependencies = (
				B768FCA42455CF570094DCCD /* PBXTargetDependency */,
			);
			name = AnimationDemoTests;
			productName = AnimationDemoTests;
			productReference = B768FCA22455CF570094DCCD /* AnimationDemoTests.xctest */;
			productType = "com.apple.product-type.bundle.unit-test";
		};
		B768FCAC2455CF570094DCCD /* AnimationDemoUITests */ = {
			isa = PBXNativeTarget;
			buildConfigurationList = B768FCBC2455CF570094DCCD /* Build configuration list for PBXNativeTarget "AnimationDemoUITests" */;
			buildPhases = (
				B768FCA92455CF570094DCCD /* Sources */,
				B768FCAA2455CF570094DCCD /* Frameworks */,
				B768FCAB2455CF570094DCCD /* Resources */,
			);
			buildRules = (
			);
			dependencies = (
				B768FCAF2455CF570094DCCD /* PBXTargetDependency */,
			);
			name = AnimationDemoUITests;
			productName = AnimationDemoUITests;
			productReference = B768FCAD2455CF570094DCCD /* AnimationDemoUITests.xctest */;
			productType = "com.apple.product-type.bundle.ui-testing";
		};
/* End PBXNativeTarget section */

/* Begin PBXProject section */
		B768FC842455CF550094DCCD /* Project object */ = {
			isa = PBXProject;
			attributes = {
				LastSwiftUpdateCheck = 1140;
				LastUpgradeCheck = 1140;
				ORGANIZATIONNAME = mr.zhou;
				TargetAttributes = {
					B768FC8B2455CF550094DCCD = {
						CreatedOnToolsVersion = 11.4;
					};
					B768FCA12455CF570094DCCD = {
						CreatedOnToolsVersion = 11.4;
						TestTargetID = B768FC8B2455CF550094DCCD;
					};
					B768FCAC2455CF570094DCCD = {
						CreatedOnToolsVersion = 11.4;
						TestTargetID = B768FC8B2455CF550094DCCD;
					};
				};
			};
			buildConfigurationList = B768FC872455CF550094DCCD /* Build configuration list for PBXProject "AnimationDemo" */;
			compatibilityVersion = "Xcode 9.3";
			developmentRegion = en;
			hasScannedForEncodings = 0;
			knownRegions = (
				en,
				Base,
			);
			mainGroup = B768FC832455CF550094DCCD;
			productRefGroup = B768FC8D2455CF550094DCCD /* Products */;
			projectDirPath = "";
			projectRoot = "";
			targets = (
				B768FC8B2455CF550094DCCD /* AnimationDemo */,
				B768FCA12455CF570094DCCD /* AnimationDemoTests */,
				B768FCAC2455CF570094DCCD /* AnimationDemoUITests */,
			);
		};
/* End PBXProject section */

/* Begin PBXResourcesBuildPhase section */
		B768FC8A2455CF550094DCCD /* Resources */ = {
			isa = PBXResourcesBuildPhase;
			buildActionMask = 2147483647;
			files = (
				B768FC9C2455CF570094DCCD /* LaunchScreen.storyboard in Resources */,
				B768FCC02455CF830094DCCD /* test1.mp4 in Resources */,
				B768FC992455CF570094DCCD /* Assets.xcassets in Resources */,
				B768FC972455CF550094DCCD /* Main.storyboard in Resources */,
			);
			runOnlyForDeploymentPostprocessing = 0;
		};
		B768FCA02455CF570094DCCD /* Resources */ = {
			isa = PBXResourcesBuildPhase;
			buildActionMask = 2147483647;
			files = (
			);
			runOnlyForDeploymentPostprocessing = 0;
		};
		B768FCAB2455CF570094DCCD /* Resources */ = {
			isa = PBXResourcesBuildPhase;
			buildActionMask = 2147483647;
			files = (
			);
			runOnlyForDeploymentPostprocessing = 0;
		};
/* End PBXResourcesBuildPhase section */

/* Begin PBXSourcesBuildPhase section */
		B768FC882455CF550094DCCD /* Sources */ = {
			isa = PBXSourcesBuildPhase;
			buildActionMask = 2147483647;
			files = (
				B768FC942455CF550094DCCD /* ViewController.swift in Sources */,
				B768FC902455CF550094DCCD /* AppDelegate.swift in Sources */,
				B768FC922455CF550094DCCD /* SceneDelegate.swift in Sources */,
			);
			runOnlyForDeploymentPostprocessing = 0;
		};
		B768FC9E2455CF570094DCCD /* Sources */ = {
			isa = PBXSourcesBuildPhase;
			buildActionMask = 2147483647;
			files = (
				B768FCA72455CF570094DCCD /* AnimationDemoTests.swift in Sources */,
			);
			runOnlyForDeploymentPostprocessing = 0;
		};
		B768FCA92455CF570094DCCD /* Sources */ = {
			isa = PBXSourcesBuildPhase;
			buildActionMask = 2147483647;
			files = (
				B768FCB22455CF570094DCCD /* AnimationDemoUITests.swift in Sources */,
			);
			runOnlyForDeploymentPostprocessing = 0;
		};
/* End PBXSourcesBuildPhase section */

/* Begin PBXTargetDependency section */
		B768FCA42455CF570094DCCD /* PBXTargetDependency */ = {
			isa = PBXTargetDependency;
			target = B768FC8B2455CF550094DCCD /* AnimationDemo */;
			targetProxy = B768FCA32455CF570094DCCD /* PBXContainerItemProxy */;
		};
		B768FCAF2455CF570094DCCD /* PBXTargetDependency */ = {
			isa = PBXTargetDependency;
			target = B768FC8B2455CF550094DCCD /* AnimationDemo */;
			targetProxy = B768FCAE2455CF570094DCCD /* PBXContainerItemProxy */;
		};
/* End PBXTargetDependency section */

/* Begin PBXVariantGroup section */
		B768FC952455CF550094DCCD /* Main.storyboard */ = {
			isa = PBXVariantGroup;
			children = (
				B768FC962455CF550094DCCD /* Base */,
			);
			name = Main.storyboard;
			sourceTree = "<group>";
		};
		B768FC9A2455CF570094DCCD /* LaunchScreen.storyboard */ = {
			isa = PBXVariantGroup;
			children = (
				B768FC9B2455CF570094DCCD /* Base */,
			);
			name = LaunchScreen.storyboard;
			sourceTree = "<group>";
		};
/* End PBXVariantGroup section */

/* Begin XCBuildConfiguration section */
		B768FCB42455CF570094DCCD /* Debug */ = {
			isa = XCBuildConfiguration;
			buildSettings = {
				ALWAYS_SEARCH_USER_PATHS = NO;
				CLANG_ANALYZER_NONNULL = YES;
				CLANG_ANALYZER_NUMBER_OBJECT_CONVERSION = YES_AGGRESSIVE;
				CLANG_CXX_LANGUAGE_STANDARD = "gnu++14";
				CLANG_CXX_LIBRARY = "libc++";
				CLANG_ENABLE_MODULES = YES;
				CLANG_ENABLE_OBJC_ARC = YES;
				CLANG_ENABLE_OBJC_WEAK = YES;
				CLANG_WARN_BLOCK_CAPTURE_AUTORELEASING = YES;
				CLANG_WARN_BOOL_CONVERSION = YES;
				CLANG_WARN_COMMA = YES;
				CLANG_WARN_CONSTANT_CONVERSION = YES;
				CLANG_WARN_DEPRECATED_OBJC_IMPLEMENTATIONS = YES;
				CLANG_WARN_DIRECT_OBJC_ISA_USAGE = YES_ERROR;
				CLANG_WARN_DOCUMENTATION_COMMENTS = YES;
				CLANG_WARN_EMPTY_BODY = YES;
				CLANG_WARN_ENUM_CONVERSION = YES;
				CLANG_WARN_INFINITE_RECURSION = YES;
				CLANG_WARN_INT_CONVERSION = YES;
				CLANG_WARN_NON_LITERAL_NULL_CONVERSION = YES;
				CLANG_WARN_OBJC_IMPLICIT_RETAIN_SELF = YES;
				CLANG_WARN_OBJC_LITERAL_CONVERSION = YES;
				CLANG_WARN_OBJC_ROOT_CLASS = YES_ERROR;
				CLANG_WARN_RANGE_LOOP_ANALYSIS = YES;
				CLANG_WARN_STRICT_PROTOTYPES = YES;
				CLANG_WARN_SUSPICIOUS_MOVE = YES;
				CLANG_WARN_UNGUARDED_AVAILABILITY = YES_AGGRESSIVE;
				CLANG_WARN_UNREACHABLE_CODE = YES;
				CLANG_WARN__DUPLICATE_METHOD_MATCH = YES;
				COPY_PHASE_STRIP = NO;
				DEBUG_INFORMATION_FORMAT = dwarf;
				ENABLE_STRICT_OBJC_MSGSEND = YES;
				ENABLE_TESTABILITY = YES;
				GCC_C_LANGUAGE_STANDARD = gnu11;
				GCC_DYNAMIC_NO_PIC = NO;
				GCC_NO_COMMON_BLOCKS = YES;
				GCC_OPTIMIZATION_LEVEL = 0;
				GCC_PREPROCESSOR_DEFINITIONS = (
					"DEBUG=1",
					"$(inherited)",
				);
				GCC_WARN_64_TO_32_BIT_CONVERSION = YES;
				GCC_WARN_ABOUT_RETURN_TYPE = YES_ERROR;
				GCC_WARN_UNDECLARED_SELECTOR = YES;
				GCC_WARN_UNINITIALIZED_AUTOS = YES_AGGRESSIVE;
				GCC_WARN_UNUSED_FUNCTION = YES;
				GCC_WARN_UNUSED_VARIABLE = YES;
				IPHONEOS_DEPLOYMENT_TARGET = 13.4;
				MTL_ENABLE_DEBUG_INFO = INCLUDE_SOURCE;
				MTL_FAST_MATH = YES;
				ONLY_ACTIVE_ARCH = YES;
				SDKROOT = iphoneos;
				SWIFT_ACTIVE_COMPILATION_CONDITIONS = DEBUG;
				SWIFT_OPTIMIZATION_LEVEL = "-Onone";
			};
			name = Debug;
		};
		B768FCB52455CF570094DCCD /* Release */ = {
			isa = XCBuildConfiguration;
			buildSettings = {
				ALWAYS_SEARCH_USER_PATHS = NO;
				CLANG_ANALYZER_NONNULL = YES;
				CLANG_ANALYZER_NUMBER_OBJECT_CONVERSION = YES_AGGRESSIVE;
				CLANG_CXX_LANGUAGE_STANDARD = "gnu++14";
				CLANG_CXX_LIBRARY = "libc++";
				CLANG_ENABLE_MODULES = YES;
				CLANG_ENABLE_OBJC_ARC = YES;
				CLANG_ENABLE_OBJC_WEAK = YES;
				CLANG_WARN_BLOCK_CAPTURE_AUTORELEASING = YES;
				CLANG_WARN_BOOL_CONVERSION = YES;
				CLANG_WARN_COMMA = YES;
				CLANG_WARN_CONSTANT_CONVERSION = YES;
				CLANG_WARN_DEPRECATED_OBJC_IMPLEMENTATIONS = YES;
				CLANG_WARN_DIRECT_OBJC_ISA_USAGE = YES_ERROR;
				CLANG_WARN_DOCUMENTATION_COMMENTS = YES;
				CLANG_WARN_EMPTY_BODY = YES;
				CLANG_WARN_ENUM_CONVERSION = YES;
				CLANG_WARN_INFINITE_RECURSION = YES;
				CLANG_WARN_INT_CONVERSION = YES;
				CLANG_WARN_NON_LITERAL_NULL_CONVERSION = YES;
				CLANG_WARN_OBJC_IMPLICIT_RETAIN_SELF = YES;
				CLANG_WARN_OBJC_LITERAL_CONVERSION = YES;
				CLANG_WARN_OBJC_ROOT_CLASS = YES_ERROR;
				CLANG_WARN_RANGE_LOOP_ANALYSIS = YES;
				CLANG_WARN_STRICT_PROTOTYPES = YES;
				CLANG_WARN_SUSPICIOUS_MOVE = YES;
				CLANG_WARN_UNGUARDED_AVAILABILITY = YES_AGGRESSIVE;
				CLANG_WARN_UNREACHABLE_CODE = YES;
				CLANG_WARN__DUPLICATE_METHOD_MATCH = YES;
				COPY_PHASE_STRIP = NO;
				DEBUG_INFORMATION_FORMAT = "dwarf-with-dsym";
				ENABLE_NS_ASSERTIONS = NO;
				ENABLE_STRICT_OBJC_MSGSEND = YES;
				GCC_C_LANGUAGE_STANDARD = gnu11;
				GCC_NO_COMMON_BLOCKS = YES;
				GCC_WARN_64_TO_32_BIT_CONVERSION = YES;
				GCC_WARN_ABOUT_RETURN_TYPE = YES_ERROR;
				GCC_WARN_UNDECLARED_SELECTOR = YES;
				GCC_WARN_UNINITIALIZED_AUTOS = YES_AGGRESSIVE;
				GCC_WARN_UNUSED_FUNCTION = YES;
				GCC_WARN_UNUSED_VARIABLE = YES;
				IPHONEOS_DEPLOYMENT_TARGET = 13.4;
				MTL_ENABLE_DEBUG_INFO = NO;
				MTL_FAST_MATH = YES;
				SDKROOT = iphoneos;
				SWIFT_COMPILATION_MODE = wholemodule;
				SWIFT_OPTIMIZATION_LEVEL = "-O";
				VALIDATE_PRODUCT = YES;
			};
			name = Release;
		};
		B768FCB72455CF570094DCCD /* Debug */ = {
			isa = XCBuildConfiguration;
			buildSettings = {
				ASSETCATALOG_COMPILER_APPICON_NAME = AppIcon;
				CODE_SIGN_STYLE = Automatic;
				DEVELOPMENT_TEAM = S69977D795;
				INFOPLIST_FILE = AnimationDemo/Info.plist;
				LD_RUNPATH_SEARCH_PATHS = (
					"$(inherited)",
					"@executable_path/Frameworks",
				);
				PRODUCT_BUNDLE_IDENTIFIER = me.zxf.AnimationDemo;
				PRODUCT_NAME = "$(TARGET_NAME)";
				SWIFT_VERSION = 5.0;
				TARGETED_DEVICE_FAMILY = "1,2";
			};
			name = Debug;
		};
		B768FCB82455CF570094DCCD /* Release */ = {
			isa = XCBuildConfiguration;
			buildSettings = {
				ASSETCATALOG_COMPILER_APPICON_NAME = AppIcon;
				CODE_SIGN_STYLE = Automatic;
				DEVELOPMENT_TEAM = S69977D795;
				INFOPLIST_FILE = AnimationDemo/Info.plist;
				LD_RUNPATH_SEARCH_PATHS = (
					"$(inherited)",
					"@executable_path/Frameworks",
				);
				PRODUCT_BUNDLE_IDENTIFIER = me.zxf.AnimationDemo;
				PRODUCT_NAME = "$(TARGET_NAME)";
				SWIFT_VERSION = 5.0;
				TARGETED_DEVICE_FAMILY = "1,2";
			};
			name = Release;
		};
		B768FCBA2455CF570094DCCD /* Debug */ = {
			isa = XCBuildConfiguration;
			buildSettings = {
				ALWAYS_EMBED_SWIFT_STANDARD_LIBRARIES = YES;
				BUNDLE_LOADER = "$(TEST_HOST)";
				CODE_SIGN_STYLE = Automatic;
				DEVELOPMENT_TEAM = S69977D795;
				INFOPLIST_FILE = AnimationDemoTests/Info.plist;
				IPHONEOS_DEPLOYMENT_TARGET = 13.4;
				LD_RUNPATH_SEARCH_PATHS = (
					"$(inherited)",
					"@executable_path/Frameworks",
					"@loader_path/Frameworks",
				);
				PRODUCT_BUNDLE_IDENTIFIER = me.zxf.AnimationDemoTests;
				PRODUCT_NAME = "$(TARGET_NAME)";
				SWIFT_VERSION = 5.0;
				TARGETED_DEVICE_FAMILY = "1,2";
				TEST_HOST = "$(BUILT_PRODUCTS_DIR)/AnimationDemo.app/AnimationDemo";
			};
			name = Debug;
		};
		B768FCBB2455CF570094DCCD /* Release */ = {
			isa = XCBuildConfiguration;
			buildSettings = {
				ALWAYS_EMBED_SWIFT_STANDARD_LIBRARIES = YES;
				BUNDLE_LOADER = "$(TEST_HOST)";
				CODE_SIGN_STYLE = Automatic;
				DEVELOPMENT_TEAM = S69977D795;
				INFOPLIST_FILE = AnimationDemoTests/Info.plist;
				IPHONEOS_DEPLOYMENT_TARGET = 13.4;
				LD_RUNPATH_SEARCH_PATHS = (
					"$(inherited)",
					"@executable_path/Frameworks",
					"@loader_path/Frameworks",
				);
				PRODUCT_BUNDLE_IDENTIFIER = me.zxf.AnimationDemoTests;
				PRODUCT_NAME = "$(TARGET_NAME)";
				SWIFT_VERSION = 5.0;
				TARGETED_DEVICE_FAMILY = "1,2";
				TEST_HOST = "$(BUILT_PRODUCTS_DIR)/AnimationDemo.app/AnimationDemo";
			};
			name = Release;
		};
		B768FCBD2455CF570094DCCD /* Debug */ = {
			isa = XCBuildConfiguration;
			buildSettings = {
				ALWAYS_EMBED_SWIFT_STANDARD_LIBRARIES = YES;
				CODE_SIGN_STYLE = Automatic;
				DEVELOPMENT_TEAM = S69977D795;
				INFOPLIST_FILE = AnimationDemoUITests/Info.plist;
				LD_RUNPATH_SEARCH_PATHS = (
					"$(inherited)",
					"@executable_path/Frameworks",
					"@loader_path/Frameworks",
				);
				PRODUCT_BUNDLE_IDENTIFIER = me.zxf.AnimationDemoUITests;
				PRODUCT_NAME = "$(TARGET_NAME)";
				SWIFT_VERSION = 5.0;
				TARGETED_DEVICE_FAMILY = "1,2";
				TEST_TARGET_NAME = AnimationDemo;
			};
			name = Debug;
		};
		B768FCBE2455CF570094DCCD /* Release */ = {
			isa = XCBuildConfiguration;
			buildSettings = {
				ALWAYS_EMBED_SWIFT_STANDARD_LIBRARIES = YES;
				CODE_SIGN_STYLE = Automatic;
				DEVELOPMENT_TEAM = S69977D795;
				INFOPLIST_FILE = AnimationDemoUITests/Info.plist;
				LD_RUNPATH_SEARCH_PATHS = (
					"$(inherited)",
					"@executable_path/Frameworks",
					"@loader_path/Frameworks",
				);
				PRODUCT_BUNDLE_IDENTIFIER = me.zxf.AnimationDemoUITests;
				PRODUCT_NAME = "$(TARGET_NAME)";
				SWIFT_VERSION = 5.0;
				TARGETED_DEVICE_FAMILY = "1,2";
				TEST_TARGET_NAME = AnimationDemo;
			};
			name = Release;
		};
/* End XCBuildConfiguration section */

/* Begin XCConfigurationList section */
		B768FC872455CF550094DCCD /* Build configuration list for PBXProject "AnimationDemo" */ = {
			isa = XCConfigurationList;
			buildConfigurations = (
				B768FCB42455CF570094DCCD /* Debug */,
				B768FCB52455CF570094DCCD /* Release */,
			);
			defaultConfigurationIsVisible = 0;
			defaultConfigurationName = Release;
		};
		B768FCB62455CF570094DCCD /* Build configuration list for PBXNativeTarget "AnimationDemo" */ = {
			isa = XCConfigurationList;
			buildConfigurations = (
				B768FCB72455CF570094DCCD /* Debug */,
				B768FCB82455CF570094DCCD /* Release */,
			);
			defaultConfigurationIsVisible = 0;
			defaultConfigurationName = Release;
		};
		B768FCB92455CF570094DCCD /* Build configuration list for PBXNativeTarget "AnimationDemoTests" */ = {
			isa = XCConfigurationList;
			buildConfigurations = (
				B768FCBA2455CF570094DCCD /* Debug */,
				B768FCBB2455CF570094DCCD /* Release */,
			);
			defaultConfigurationIsVisible = 0;
			defaultConfigurationName = Release;
		};
		B768FCBC2455CF570094DCCD /* Build configuration list for PBXNativeTarget "AnimationDemoUITests" */ = {
			isa = XCConfigurationList;
			buildConfigurations = (
				B768FCBD2455CF570094DCCD /* Debug */,
				B768FCBE2455CF570094DCCD /* Release */,
			);
			defaultConfigurationIsVisible = 0;
			defaultConfigurationName = Release;
		};
/* End XCConfigurationList section */
	};
	rootObject = B768FC842455CF550094DCCD /* Project object */;
}
